
Microsoft Visual Studio Solution File, Format Version 12.00
# Visual Studio Version 16
VisualStudioVersion = 16.0.31424.327
MinimumVisualStudioVersion = 10.0.40219.1
Project("{FAE04EC0-301F-11D3-BF4B-00C04F79EFBC}") = "highblood", "highblood.csproj", "{209C7DB1-90C2-4119-88CD-AC34EB5EFF23}"
EndProject
Global
	GlobalSection(SolutionConfigurationPlatforms) = preSolution
		Debug|Any CPU = Debug|Any CPU
		Release|Any CPU = Release|Any CPU
	EndGlobalSection
	GlobalSection(ProjectConfigurationPlatforms) = postSolution
		{209C7DB1-90C2-4119-88CD-AC34EB5EFF23}.Debug|Any CPU.ActiveCfg = Debug|Any CPU
		{209C7DB1-90C2-4119-88CD-AC34EB5EFF23}.Debug|Any CPU.Build.0 = Debug|Any CPU
		{209C7DB1-90C2-4119-88CD-AC34EB5EFF23}.Release|Any CPU.ActiveCfg = Release|Any CPU
		{209C7DB1-90C2-4119-88CD-AC34EB5EFF23}.Release|Any CPU.Build.0 = Release|Any CPU
	EndGlobalSection
	GlobalSection(SolutionProperties) = preSolution
		HideSolutionNode = FALSE
	EndGlobalSection
	GlobalSection(ExtensibilityGlobals) = postSolution
		SolutionGuid = {672545D3-B6BC-41EF-8FFD-1D343EE91CE2}
	EndGlobalSection
EndGlobal
